
Microsoft Visual Studio Solution File, Format Version 12.00
# Visual Studio Version 17
VisualStudioVersion = 17.14.36017.23 d17.14
MinimumVisualStudioVersion = 10.0.40219.1
Project("{FAE04EC0-301F-11D3-BF4B-00C04F79EFBC}") = "DMM_Hide_Launcher", "DMM_Hide_Launcher\DMM_Hide_Launcher.csproj", "{C316E7D3-DA1B-4122-BA0B-6A554D0E7CC8}"
EndProject
Global
	GlobalSection(SolutionConfigurationPlatforms) = preSolution
		Debug|Any CPU = Debug|Any CPU
		Release|Any CPU = Release|Any CPU
	EndGlobalSection
	GlobalSection(ProjectConfigurationPlatforms) = postSolution
		{C316E7D3-DA1B-4122-BA0B-6A554D0E7CC8}.Debug|Any CPU.ActiveCfg = Debug|Any CPU
		{C316E7D3-DA1B-4122-BA0B-6A554D0E7CC8}.Debug|Any CPU.Build.0 = Debug|Any CPU
		{C316E7D3-DA1B-4122-BA0B-6A554D0E7CC8}.Release|Any CPU.ActiveCfg = Release|Any CPU
		{C316E7D3-DA1B-4122-BA0B-6A554D0E7CC8}.Release|Any CPU.Build.0 = Release|Any CPU
	EndGlobalSection
	GlobalSection(SolutionProperties) = preSolution
		HideSolutionNode = FALSE
	EndGlobalSection
	GlobalSection(ExtensibilityGlobals) = postSolution
		SolutionGuid = {39D96DB9-B26E-4271-A429-5BFF080733CA}
	EndGlobalSection
EndGlobal
